// !$*UTF8*$!
{
	archiveVersion = 1;
	classes = {
	};
	objectVersion = 56;
	objects = {

/* Begin PBXBuildFile section */
		019BA00E2BCE214A0096CC00 /* AppDelegate.swift in Sources */ = {isa = PBXBuildFile; fileRef = 019BA00D2BCE214A0096CC00 /* AppDelegate.swift */; };
		019BA0102BCE214A0096CC00 /* SceneDelegate.swift in Sources */ = {isa = PBXBuildFile; fileRef = 019BA00F2BCE214A0096CC00 /* SceneDelegate.swift */; };
		019BA0122BCE214A0096CC00 /* UsersViewController.swift in Sources */ = {isa = PBXBuildFile; fileRef = 019BA0112BCE214A0096CC00 /* UsersViewController.swift */; };
		019BA0172BCE214B0096CC00 /* Assets.xcassets in Resources */ = {isa = PBXBuildFile; fileRef = 019BA0162BCE214B0096CC00 /* Assets.xcassets */; };
		019BA01A2BCE214B0096CC00 /* Base in Resources */ = {isa = PBXBuildFile; fileRef = 019BA0192BCE214B0096CC00 /* Base */; };
		019BA0252BCE24300096CC00 /* TabBarController.swift in Sources */ = {isa = PBXBuildFile; fileRef = 019BA0242BCE24300096CC00 /* TabBarController.swift */; };
		019BA0272BCE251D0096CC00 /* TodosViewController.swift in Sources */ = {isa = PBXBuildFile; fileRef = 019BA0262BCE251D0096CC00 /* TodosViewController.swift */; };
		019BA02A2BCE29A90096CC00 /* TabBarController+Appearance.swift in Sources */ = {isa = PBXBuildFile; fileRef = 019BA0292BCE29A90096CC00 /* TabBarController+Appearance.swift */; };
		019BA02D2BCE38B30096CC00 /* ViewController+appearance.swift in Sources */ = {isa = PBXBuildFile; fileRef = 019BA02C2BCE38B30096CC00 /* ViewController+appearance.swift */; };
		019BA0302BCE3A410096CC00 /* UserCell.swift in Sources */ = {isa = PBXBuildFile; fileRef = 019BA02F2BCE3A410096CC00 /* UserCell.swift */; };
		019BA0332BCE43F40096CC00 /* NetworkManager.swift in Sources */ = {isa = PBXBuildFile; fileRef = 019BA0322BCE43F40096CC00 /* NetworkManager.swift */; };
		019BA03B2BCE45A80096CC00 /* User.swift in Sources */ = {isa = PBXBuildFile; fileRef = 019BA03A2BCE45A80096CC00 /* User.swift */; };
		019BA03D2BCE58850096CC00 /* InfoUserViewController.swift in Sources */ = {isa = PBXBuildFile; fileRef = 019BA03C2BCE58850096CC00 /* InfoUserViewController.swift */; };
		019BA0402BCE6F610096CC00 /* UserViewControllerDelegate.swift in Sources */ = {isa = PBXBuildFile; fileRef = 019BA03F2BCE6F610096CC00 /* UserViewControllerDelegate.swift */; };
		01E6A4D02BCEFD73000D4CD7 /* Alamofire in Frameworks */ = {isa = PBXBuildFile; productRef = 01E6A4CF2BCEFD73000D4CD7 /* Alamofire */; };
		01E6A4D92BCF022C000D4CD7 /* AlamofireDynamic in Frameworks */ = {isa = PBXBuildFile; productRef = 01E6A4D82BCF022C000D4CD7 /* AlamofireDynamic */; };
		01E6A4DF2BCFC7C9000D4CD7 /* TodoCell.swift in Sources */ = {isa = PBXBuildFile; fileRef = 01E6A4DE2BCFC7C9000D4CD7 /* TodoCell.swift */; };
		01E6A4E12BCFCC98000D4CD7 /* Todo.swift in Sources */ = {isa = PBXBuildFile; fileRef = 01E6A4E02BCFCC98000D4CD7 /* Todo.swift */; };
/* End PBXBuildFile section */

/* Begin PBXBuildRule section */
		019BA0412BCEE25C0096CC00 /* PBXBuildRule */ = {
			isa = PBXBuildRule;
			compilerSpec = com.apple.compilers.proxy.script;
			fileType = file.rcproject;
			inputFiles = (
			);
			isEditable = 1;
			outputFiles = (
			);
			script = "# rctool\n";
		};
/* End PBXBuildRule section */

/* Begin PBXCopyFilesBuildPhase section */
		0192ED902BCEEC200058EFB9 /* Embed Frameworks */ = {
			isa = PBXCopyFilesBuildPhase;
			buildActionMask = 8;
			dstPath = "";
			dstSubfolderSpec = 10;
			files = (
			);
			name = "Embed Frameworks";
			runOnlyForDeploymentPostprocessing = 1;
		};
/* End PBXCopyFilesBuildPhase section */

/* Begin PBXFileReference section */
		019BA00A2BCE214A0096CC00 /* API-work2.app */ = {isa = PBXFileReference; explicitFileType = wrapper.application; includeInIndex = 0; path = "API-work2.app"; sourceTree = BUILT_PRODUCTS_DIR; };
		019BA00D2BCE214A0096CC00 /* AppDelegate.swift */ = {isa = PBXFileReference; lastKnownFileType = sourcecode.swift; path = AppDelegate.swift; sourceTree = "<group>"; };
		019BA00F2BCE214A0096CC00 /* SceneDelegate.swift */ = {isa = PBXFileReference; lastKnownFileType = sourcecode.swift; path = SceneDelegate.swift; sourceTree = "<group>"; };
		019BA0112BCE214A0096CC00 /* UsersViewController.swift */ = {isa = PBXFileReference; lastKnownFileType = sourcecode.swift; path = UsersViewController.swift; sourceTree = "<group>"; };
		019BA0162BCE214B0096CC00 /* Assets.xcassets */ = {isa = PBXFileReference; lastKnownFileType = folder.assetcatalog; path = Assets.xcassets; sourceTree = "<group>"; };
		019BA0192BCE214B0096CC00 /* Base */ = {isa = PBXFileReference; lastKnownFileType = file.storyboard; name = Base; path = Base.lproj/LaunchScreen.storyboard; sourceTree = "<group>"; };
		019BA01B2BCE214B0096CC00 /* Info.plist */ = {isa = PBXFileReference; lastKnownFileType = text.plist.xml; path = Info.plist; sourceTree = "<group>"; };
		019BA0242BCE24300096CC00 /* TabBarController.swift */ = {isa = PBXFileReference; lastKnownFileType = sourcecode.swift; path = TabBarController.swift; sourceTree = "<group>"; };
		019BA0262BCE251D0096CC00 /* TodosViewController.swift */ = {isa = PBXFileReference; lastKnownFileType = sourcecode.swift; path = TodosViewController.swift; sourceTree = "<group>"; };
		019BA0292BCE29A90096CC00 /* TabBarController+Appearance.swift */ = {isa = PBXFileReference; lastKnownFileType = sourcecode.swift; path = "TabBarController+Appearance.swift"; sourceTree = "<group>"; };
		019BA02C2BCE38B30096CC00 /* ViewController+appearance.swift */ = {isa = PBXFileReference; lastKnownFileType = sourcecode.swift; path = "ViewController+appearance.swift"; sourceTree = "<group>"; };
		019BA02F2BCE3A410096CC00 /* UserCell.swift */ = {isa = PBXFileReference; lastKnownFileType = sourcecode.swift; path = UserCell.swift; sourceTree = "<group>"; };
		019BA0322BCE43F40096CC00 /* NetworkManager.swift */ = {isa = PBXFileReference; lastKnownFileType = sourcecode.swift; path = NetworkManager.swift; sourceTree = "<group>"; };
		019BA03A2BCE45A80096CC00 /* User.swift */ = {isa = PBXFileReference; lastKnownFileType = sourcecode.swift; path = User.swift; sourceTree = "<group>"; };
		019BA03C2BCE58850096CC00 /* InfoUserViewController.swift */ = {isa = PBXFileReference; lastKnownFileType = sourcecode.swift; path = InfoUserViewController.swift; sourceTree = "<group>"; };
		019BA03F2BCE6F610096CC00 /* UserViewControllerDelegate.swift */ = {isa = PBXFileReference; lastKnownFileType = sourcecode.swift; path = UserViewControllerDelegate.swift; sourceTree = "<group>"; };
		01E6A4DE2BCFC7C9000D4CD7 /* TodoCell.swift */ = {isa = PBXFileReference; lastKnownFileType = sourcecode.swift; path = TodoCell.swift; sourceTree = "<group>"; };
		01E6A4E02BCFCC98000D4CD7 /* Todo.swift */ = {isa = PBXFileReference; lastKnownFileType = sourcecode.swift; path = Todo.swift; sourceTree = "<group>"; };
/* End PBXFileReference section */

/* Begin PBXFrameworksBuildPhase section */
		019BA0072BCE214A0096CC00 /* Frameworks */ = {
			isa = PBXFrameworksBuildPhase;
			buildActionMask = 2147483647;
			files = (
				01E6A4D02BCEFD73000D4CD7 /* Alamofire in Frameworks */,
				01E6A4D92BCF022C000D4CD7 /* AlamofireDynamic in Frameworks */,
			);
			runOnlyForDeploymentPostprocessing = 0;
		};
/* End PBXFrameworksBuildPhase section */

/* Begin PBXGroup section */
		019BA0012BCE21490096CC00 = {
			isa = PBXGroup;
			children = (
				019BA00C2BCE214A0096CC00 /* API-work2 */,
				019BA00B2BCE214A0096CC00 /* Products */,
			);
			sourceTree = "<group>";
		};
		019BA00B2BCE214A0096CC00 /* Products */ = {
			isa = PBXGroup;
			children = (
				019BA00A2BCE214A0096CC00 /* API-work2.app */,
			);
			name = Products;
			sourceTree = "<group>";
		};
		019BA00C2BCE214A0096CC00 /* API-work2 */ = {
			isa = PBXGroup;
			children = (
				019BA0212BCE23780096CC00 /* Application */,
				019BA0282BCE291F0096CC00 /* Extension */,
				019BA0312BCE43D70096CC00 /* Manager */,
				019BA0392BCE45950096CC00 /* Models */,
				019BA0232BCE23A40096CC00 /* Sources */,
				019BA03E2BCE6F230096CC00 /* Protocols */,
				019BA0222BCE238B0096CC00 /* Views */,
			);
			path = "API-work2";
			sourceTree = "<group>";
		};
		019BA0212BCE23780096CC00 /* Application */ = {
			isa = PBXGroup;
			children = (
				019BA00D2BCE214A0096CC00 /* AppDelegate.swift */,
				019BA00F2BCE214A0096CC00 /* SceneDelegate.swift */,
			);
			path = Application;
			sourceTree = "<group>";
		};
		019BA0222BCE238B0096CC00 /* Views */ = {
			isa = PBXGroup;
			children = (
				019BA02E2BCE3A110096CC00 /* CustomCell */,
				01E6A4DB2BCFC481000D4CD7 /* TodoViews */,
				01E6A4DA2BCFC3D3000D4CD7 /* UserViews */,
				019BA0242BCE24300096CC00 /* TabBarController.swift */,
			);
			path = Views;
			sourceTree = "<group>";
		};
		019BA0232BCE23A40096CC00 /* Sources */ = {
			isa = PBXGroup;
			children = (
				019BA0162BCE214B0096CC00 /* Assets.xcassets */,
				019BA0182BCE214B0096CC00 /* LaunchScreen.storyboard */,
				019BA01B2BCE214B0096CC00 /* Info.plist */,
			);
			path = Sources;
			sourceTree = "<group>";
		};
		019BA0282BCE291F0096CC00 /* Extension */ = {
			isa = PBXGroup;
			children = (
				019BA0292BCE29A90096CC00 /* TabBarController+Appearance.swift */,
				019BA02C2BCE38B30096CC00 /* ViewController+appearance.swift */,
			);
			path = Extension;
			sourceTree = "<group>";
		};
		019BA02E2BCE3A110096CC00 /* CustomCell */ = {
			isa = PBXGroup;
			children = (
				019BA02F2BCE3A410096CC00 /* UserCell.swift */,
				01E6A4DE2BCFC7C9000D4CD7 /* TodoCell.swift */,
			);
			path = CustomCell;
			sourceTree = "<group>";
		};
		019BA0312BCE43D70096CC00 /* Manager */ = {
			isa = PBXGroup;
			children = (
				019BA0322BCE43F40096CC00 /* NetworkManager.swift */,
			);
			path = Manager;
			sourceTree = "<group>";
		};
		019BA0392BCE45950096CC00 /* Models */ = {
			isa = PBXGroup;
			children = (
				019BA03A2BCE45A80096CC00 /* User.swift */,
				01E6A4E02BCFCC98000D4CD7 /* Todo.swift */,
			);
			path = Models;
			sourceTree = "<group>";
		};
		019BA03E2BCE6F230096CC00 /* Protocols */ = {
			isa = PBXGroup;
			children = (
				019BA03F2BCE6F610096CC00 /* UserViewControllerDelegate.swift */,
			);
			path = Protocols;
			sourceTree = "<group>";
		};
		01E6A4DA2BCFC3D3000D4CD7 /* UserViews */ = {
			isa = PBXGroup;
			children = (
				019BA0112BCE214A0096CC00 /* UsersViewController.swift */,
				019BA03C2BCE58850096CC00 /* InfoUserViewController.swift */,
			);
			path = UserViews;
			sourceTree = "<group>";
		};
		01E6A4DB2BCFC481000D4CD7 /* TodoViews */ = {
			isa = PBXGroup;
			children = (
				019BA0262BCE251D0096CC00 /* TodosViewController.swift */,
			);
			path = TodoViews;
			sourceTree = "<group>";
		};
/* End PBXGroup section */

/* Begin PBXNativeTarget section */
		019BA0092BCE214A0096CC00 /* API-work2 */ = {
			isa = PBXNativeTarget;
			buildConfigurationList = 019BA01E2BCE214B0096CC00 /* Build configuration list for PBXNativeTarget "API-work2" */;
			buildPhases = (
				019BA0062BCE214A0096CC00 /* Sources */,
				019BA0072BCE214A0096CC00 /* Frameworks */,
				019BA0082BCE214A0096CC00 /* Resources */,
				0192ED902BCEEC200058EFB9 /* Embed Frameworks */,
			);
			buildRules = (
				019BA0412BCEE25C0096CC00 /* PBXBuildRule */,
			);
			dependencies = (
			);
			name = "API-work2";
			packageProductDependencies = (
				01E6A4CF2BCEFD73000D4CD7 /* Alamofire */,
				01E6A4D82BCF022C000D4CD7 /* AlamofireDynamic */,
			);
			productName = "API-work2";
			productReference = 019BA00A2BCE214A0096CC00 /* API-work2.app */;
			productType = "com.apple.product-type.application";
		};
/* End PBXNativeTarget section */

/* Begin PBXProject section */
		019BA0022BCE21490096CC00 /* Project object */ = {
			isa = PBXProject;
			attributes = {
				BuildIndependentTargetsInParallel = 1;
				LastSwiftUpdateCheck = 1530;
				LastUpgradeCheck = 1530;
				TargetAttributes = {
					019BA0092BCE214A0096CC00 = {
						CreatedOnToolsVersion = 15.3;
					};
				};
			};
			buildConfigurationList = 019BA0052BCE21490096CC00 /* Build configuration list for PBXProject "API-work2" */;
			compatibilityVersion = "Xcode 14.0";
			developmentRegion = en;
			hasScannedForEncodings = 0;
			knownRegions = (
				en,
				Base,
			);
			mainGroup = 019BA0012BCE21490096CC00;
			packageReferences = (
				01E6A4CE2BCEFD73000D4CD7 /* XCRemoteSwiftPackageReference "Alamofire" */,
			);
			productRefGroup = 019BA00B2BCE214A0096CC00 /* Products */;
			projectDirPath = "";
			projectRoot = "";
			targets = (
				019BA0092BCE214A0096CC00 /* API-work2 */,
			);
		};
/* End PBXProject section */

/* Begin PBXResourcesBuildPhase section */
		019BA0082BCE214A0096CC00 /* Resources */ = {
			isa = PBXResourcesBuildPhase;
			buildActionMask = 2147483647;
			files = (
				019BA0172BCE214B0096CC00 /* Assets.xcassets in Resources */,
				019BA01A2BCE214B0096CC00 /* Base in Resources */,
			);
			runOnlyForDeploymentPostprocessing = 0;
		};
/* End PBXResourcesBuildPhase section */

/* Begin PBXSourcesBuildPhase section */
		019BA0062BCE214A0096CC00 /* Sources */ = {
			isa = PBXSourcesBuildPhase;
			buildActionMask = 2147483647;
			files = (
				019BA0332BCE43F40096CC00 /* NetworkManager.swift in Sources */,
				019BA0302BCE3A410096CC00 /* UserCell.swift in Sources */,
				019BA03B2BCE45A80096CC00 /* User.swift in Sources */,
				019BA02D2BCE38B30096CC00 /* ViewController+appearance.swift in Sources */,
				019BA0122BCE214A0096CC00 /* UsersViewController.swift in Sources */,
				019BA03D2BCE58850096CC00 /* InfoUserViewController.swift in Sources */,
				01E6A4DF2BCFC7C9000D4CD7 /* TodoCell.swift in Sources */,
				01E6A4E12BCFCC98000D4CD7 /* Todo.swift in Sources */,
				019BA0252BCE24300096CC00 /* TabBarController.swift in Sources */,
				019BA00E2BCE214A0096CC00 /* AppDelegate.swift in Sources */,
				019BA0402BCE6F610096CC00 /* UserViewControllerDelegate.swift in Sources */,
				019BA0272BCE251D0096CC00 /* TodosViewController.swift in Sources */,
				019BA0102BCE214A0096CC00 /* SceneDelegate.swift in Sources */,
				019BA02A2BCE29A90096CC00 /* TabBarController+Appearance.swift in Sources */,
			);
			runOnlyForDeploymentPostprocessing = 0;
		};
/* End PBXSourcesBuildPhase section */

/* Begin PBXVariantGroup section */
		019BA0182BCE214B0096CC00 /* LaunchScreen.storyboard */ = {
			isa = PBXVariantGroup;
			children = (
				019BA0192BCE214B0096CC00 /* Base */,
			);
			name = LaunchScreen.storyboard;
			sourceTree = "<group>";
		};
/* End PBXVariantGroup section */

/* Begin XCBuildConfiguration section */
		019BA01C2BCE214B0096CC00 /* Debug */ = {
			isa = XCBuildConfiguration;
			buildSettings = {
				ALWAYS_SEARCH_USER_PATHS = NO;
				ASSETCATALOG_COMPILER_GENERATE_SWIFT_ASSET_SYMBOL_EXTENSIONS = YES;
				CLANG_ANALYZER_NONNULL = YES;
				CLANG_ANALYZER_NUMBER_OBJECT_CONVERSION = YES_AGGRESSIVE;
				CLANG_CXX_LANGUAGE_STANDARD = "gnu++20";
				CLANG_ENABLE_MODULES = YES;
				CLANG_ENABLE_OBJC_ARC = YES;
				CLANG_ENABLE_OBJC_WEAK = YES;
				CLANG_WARN_BLOCK_CAPTURE_AUTORELEASING = YES;
				CLANG_WARN_BOOL_CONVERSION = YES;
				CLANG_WARN_COMMA = YES;
				CLANG_WARN_CONSTANT_CONVERSION = YES;
				CLANG_WARN_DEPRECATED_OBJC_IMPLEMENTATIONS = YES;
				CLANG_WARN_DIRECT_OBJC_ISA_USAGE = YES_ERROR;
				CLANG_WARN_DOCUMENTATION_COMMENTS = YES;
				CLANG_WARN_EMPTY_BODY = YES;
				CLANG_WARN_ENUM_CONVERSION = YES;
				CLANG_WARN_INFINITE_RECURSION = YES;
				CLANG_WARN_INT_CONVERSION = YES;
				CLANG_WARN_NON_LITERAL_NULL_CONVERSION = YES;
				CLANG_WARN_OBJC_IMPLICIT_RETAIN_SELF = YES;
				CLANG_WARN_OBJC_LITERAL_CONVERSION = YES;
				CLANG_WARN_OBJC_ROOT_CLASS = YES_ERROR;
				CLANG_WARN_QUOTED_INCLUDE_IN_FRAMEWORK_HEADER = YES;
				CLANG_WARN_RANGE_LOOP_ANALYSIS = YES;
				CLANG_WARN_STRICT_PROTOTYPES = YES;
				CLANG_WARN_SUSPICIOUS_MOVE = YES;
				CLANG_WARN_UNGUARDED_AVAILABILITY = YES_AGGRESSIVE;
				CLANG_WARN_UNREACHABLE_CODE = YES;
				CLANG_WARN__DUPLICATE_METHOD_MATCH = YES;
				COPY_PHASE_STRIP = NO;
				DEBUG_INFORMATION_FORMAT = dwarf;
				ENABLE_STRICT_OBJC_MSGSEND = YES;
				ENABLE_TESTABILITY = YES;
				ENABLE_USER_SCRIPT_SANDBOXING = YES;
				GCC_C_LANGUAGE_STANDARD = gnu17;
				GCC_DYNAMIC_NO_PIC = NO;
				GCC_NO_COMMON_BLOCKS = YES;
				GCC_OPTIMIZATION_LEVEL = 0;
				GCC_PREPROCESSOR_DEFINITIONS = (
					"DEBUG=1",
					"$(inherited)",
				);
				GCC_WARN_64_TO_32_BIT_CONVERSION = YES;
				GCC_WARN_ABOUT_RETURN_TYPE = YES_ERROR;
				GCC_WARN_UNDECLARED_SELECTOR = YES;
				GCC_WARN_UNINITIALIZED_AUTOS = YES_AGGRESSIVE;
				GCC_WARN_UNUSED_FUNCTION = YES;
				GCC_WARN_UNUSED_VARIABLE = YES;
				IPHONEOS_DEPLOYMENT_TARGET = 17.4;
				LOCALIZATION_PREFERS_STRING_CATALOGS = YES;
				MTL_ENABLE_DEBUG_INFO = INCLUDE_SOURCE;
				MTL_FAST_MATH = YES;
				ONLY_ACTIVE_ARCH = YES;
				SDKROOT = iphoneos;
				SWIFT_ACTIVE_COMPILATION_CONDITIONS = "DEBUG $(inherited)";
				SWIFT_OPTIMIZATION_LEVEL = "-Onone";
			};
			name = Debug;
		};
		019BA01D2BCE214B0096CC00 /* Release */ = {
			isa = XCBuildConfiguration;
			buildSettings = {
				ALWAYS_SEARCH_USER_PATHS = NO;
				ASSETCATALOG_COMPILER_GENERATE_SWIFT_ASSET_SYMBOL_EXTENSIONS = YES;
				CLANG_ANALYZER_NONNULL = YES;
				CLANG_ANALYZER_NUMBER_OBJECT_CONVERSION = YES_AGGRESSIVE;
				CLANG_CXX_LANGUAGE_STANDARD = "gnu++20";
				CLANG_ENABLE_MODULES = YES;
				CLANG_ENABLE_OBJC_ARC = YES;
				CLANG_ENABLE_OBJC_WEAK = YES;
				CLANG_WARN_BLOCK_CAPTURE_AUTORELEASING = YES;
				CLANG_WARN_BOOL_CONVERSION = YES;
				CLANG_WARN_COMMA = YES;
				CLANG_WARN_CONSTANT_CONVERSION = YES;
				CLANG_WARN_DEPRECATED_OBJC_IMPLEMENTATIONS = YES;
				CLANG_WARN_DIRECT_OBJC_ISA_USAGE = YES_ERROR;
				CLANG_WARN_DOCUMENTATION_COMMENTS = YES;
				CLANG_WARN_EMPTY_BODY = YES;
				CLANG_WARN_ENUM_CONVERSION = YES;
				CLANG_WARN_INFINITE_RECURSION = YES;
				CLANG_WARN_INT_CONVERSION = YES;
				CLANG_WARN_NON_LITERAL_NULL_CONVERSION = YES;
				CLANG_WARN_OBJC_IMPLICIT_RETAIN_SELF = YES;
				CLANG_WARN_OBJC_LITERAL_CONVERSION = YES;
				CLANG_WARN_OBJC_ROOT_CLASS = YES_ERROR;
				CLANG_WARN_QUOTED_INCLUDE_IN_FRAMEWORK_HEADER = YES;
				CLANG_WARN_RANGE_LOOP_ANALYSIS = YES;
				CLANG_WARN_STRICT_PROTOTYPES = YES;
				CLANG_WARN_SUSPICIOUS_MOVE = YES;
				CLANG_WARN_UNGUARDED_AVAILABILITY = YES_AGGRESSIVE;
				CLANG_WARN_UNREACHABLE_CODE = YES;
				CLANG_WARN__DUPLICATE_METHOD_MATCH = YES;
				COPY_PHASE_STRIP = NO;
				DEBUG_INFORMATION_FORMAT = "dwarf-with-dsym";
				ENABLE_NS_ASSERTIONS = NO;
				ENABLE_STRICT_OBJC_MSGSEND = YES;
				ENABLE_USER_SCRIPT_SANDBOXING = YES;
				GCC_C_LANGUAGE_STANDARD = gnu17;
				GCC_NO_COMMON_BLOCKS = YES;
				GCC_WARN_64_TO_32_BIT_CONVERSION = YES;
				GCC_WARN_ABOUT_RETURN_TYPE = YES_ERROR;
				GCC_WARN_UNDECLARED_SELECTOR = YES;
				GCC_WARN_UNINITIALIZED_AUTOS = YES_AGGRESSIVE;
				GCC_WARN_UNUSED_FUNCTION = YES;
				GCC_WARN_UNUSED_VARIABLE = YES;
				IPHONEOS_DEPLOYMENT_TARGET = 17.4;
				LOCALIZATION_PREFERS_STRING_CATALOGS = YES;
				MTL_ENABLE_DEBUG_INFO = NO;
				MTL_FAST_MATH = YES;
				SDKROOT = iphoneos;
				SWIFT_COMPILATION_MODE = wholemodule;
				VALIDATE_PRODUCT = YES;
			};
			name = Release;
		};
		019BA01F2BCE214B0096CC00 /* Debug */ = {
			isa = XCBuildConfiguration;
			buildSettings = {
				ASSETCATALOG_COMPILER_APPICON_NAME = AppIcon;
				ASSETCATALOG_COMPILER_GLOBAL_ACCENT_COLOR_NAME = AccentColor;
				CODE_SIGN_IDENTITY = "Apple Development";
				CODE_SIGN_STYLE = Automatic;
				CURRENT_PROJECT_VERSION = 1;
				DEVELOPMENT_TEAM = Y34PWYMPM8;
				GENERATE_INFOPLIST_FILE = YES;
				INFOPLIST_FILE = "API-work2/Sources/Info.plist";
				INFOPLIST_KEY_UIApplicationSupportsIndirectInputEvents = YES;
				INFOPLIST_KEY_UILaunchStoryboardName = LaunchScreen;
				INFOPLIST_KEY_UISupportedInterfaceOrientations_iPad = "UIInterfaceOrientationPortrait UIInterfaceOrientationPortraitUpsideDown UIInterfaceOrientationLandscapeLeft UIInterfaceOrientationLandscapeRight";
				INFOPLIST_KEY_UISupportedInterfaceOrientations_iPhone = "UIInterfaceOrientationPortrait UIInterfaceOrientationLandscapeLeft UIInterfaceOrientationLandscapeRight";
				LD_RUNPATH_SEARCH_PATHS = (
					"$(inherited)",
					"@executable_path/Frameworks",
				);
				MARKETING_VERSION = 1.0;
				PRODUCT_BUNDLE_IDENTIFIER = "Folyak.API-work2";
				PRODUCT_NAME = "$(TARGET_NAME)";
				PROVISIONING_PROFILE_SPECIFIER = "";
				SWIFT_EMIT_LOC_STRINGS = YES;
				SWIFT_VERSION = 5.0;
				TARGETED_DEVICE_FAMILY = "1,2";
			};
			name = Debug;
		};
		019BA0202BCE214B0096CC00 /* Release */ = {
			isa = XCBuildConfiguration;
			buildSettings = {
				ASSETCATALOG_COMPILER_APPICON_NAME = AppIcon;
				ASSETCATALOG_COMPILER_GLOBAL_ACCENT_COLOR_NAME = AccentColor;
				CODE_SIGN_IDENTITY = "Apple Development";
				CODE_SIGN_STYLE = Automatic;
				CURRENT_PROJECT_VERSION = 1;
				DEVELOPMENT_TEAM = Y34PWYMPM8;
				GENERATE_INFOPLIST_FILE = YES;
				INFOPLIST_FILE = "API-work2/Sources/Info.plist";
				INFOPLIST_KEY_UIApplicationSupportsIndirectInputEvents = YES;
				INFOPLIST_KEY_UILaunchStoryboardName = LaunchScreen;
				INFOPLIST_KEY_UISupportedInterfaceOrientations_iPad = "UIInterfaceOrientationPortrait UIInterfaceOrientationPortraitUpsideDown UIInterfaceOrientationLandscapeLeft UIInterfaceOrientationLandscapeRight";
				INFOPLIST_KEY_UISupportedInterfaceOrientations_iPhone = "UIInterfaceOrientationPortrait UIInterfaceOrientationLandscapeLeft UIInterfaceOrientationLandscapeRight";
				LD_RUNPATH_SEARCH_PATHS = (
					"$(inherited)",
					"@executable_path/Frameworks",
				);
				MARKETING_VERSION = 1.0;
				PRODUCT_BUNDLE_IDENTIFIER = "Folyak.API-work2";
				PRODUCT_NAME = "$(TARGET_NAME)";
				PROVISIONING_PROFILE_SPECIFIER = "";
				SWIFT_EMIT_LOC_STRINGS = YES;
				SWIFT_VERSION = 5.0;
				TARGETED_DEVICE_FAMILY = "1,2";
			};
			name = Release;
		};
/* End XCBuildConfiguration section */

/* Begin XCConfigurationList section */
		019BA0052BCE21490096CC00 /* Build configuration list for PBXProject "API-work2" */ = {
			isa = XCConfigurationList;
			buildConfigurations = (
				019BA01C2BCE214B0096CC00 /* Debug */,
				019BA01D2BCE214B0096CC00 /* Release */,
			);
			defaultConfigurationIsVisible = 0;
			defaultConfigurationName = Release;
		};
		019BA01E2BCE214B0096CC00 /* Build configuration list for PBXNativeTarget "API-work2" */ = {
			isa = XCConfigurationList;
			buildConfigurations = (
				019BA01F2BCE214B0096CC00 /* Debug */,
				019BA0202BCE214B0096CC00 /* Release */,
			);
			defaultConfigurationIsVisible = 0;
			defaultConfigurationName = Release;
		};
/* End XCConfigurationList section */

/* Begin XCRemoteSwiftPackageReference section */
		01E6A4CE2BCEFD73000D4CD7 /* XCRemoteSwiftPackageReference "Alamofire" */ = {
			isa = XCRemoteSwiftPackageReference;
			repositoryURL = "https://github.com/Alamofire/Alamofire.git";
			requirement = {
				kind = upToNextMinorVersion;
				minimumVersion = 5.9.1;
			};
		};
/* End XCRemoteSwiftPackageReference section */

/* Begin XCSwiftPackageProductDependency section */
		01E6A4CF2BCEFD73000D4CD7 /* Alamofire */ = {
			isa = XCSwiftPackageProductDependency;
			package = 01E6A4CE2BCEFD73000D4CD7 /* XCRemoteSwiftPackageReference "Alamofire" */;
			productName = Alamofire;
		};
		01E6A4D82BCF022C000D4CD7 /* AlamofireDynamic */ = {
			isa = XCSwiftPackageProductDependency;
			package = 01E6A4CE2BCEFD73000D4CD7 /* XCRemoteSwiftPackageReference "Alamofire" */;
			productName = AlamofireDynamic;
		};
/* End XCSwiftPackageProductDependency section */
	};
	rootObject = 019BA0022BCE21490096CC00 /* Project object */;
}
